// !$*UTF8*$!
{
	archiveVersion = 1;
	classes = {
	};
	objectVersion = 46;
	objects = {

/* Begin PBXBuildFile section */
		C5092FD81A16079C00FFB540 /* main.m in Sources */ = {isa = PBXBuildFile; fileRef = C5092FD71A16079C00FFB540 /* main.m */; };
		C5092FDB1A16079C00FFB540 /* AppDelegate.m in Sources */ = {isa = PBXBuildFile; fileRef = C5092FDA1A16079C00FFB540 /* AppDelegate.m */; };
		C5092FDE1A16079C00FFB540 /* ViewController.m in Sources */ = {isa = PBXBuildFile; fileRef = C5092FDD1A16079C00FFB540 /* ViewController.m */; };
		C5092FE11A16079C00FFB540 /* Main.storyboard in Resources */ = {isa = PBXBuildFile; fileRef = C5092FDF1A16079C00FFB540 /* Main.storyboard */; };
		C5092FE31A16079C00FFB540 /* Images.xcassets in Resources */ = {isa = PBXBuildFile; fileRef = C5092FE21A16079C00FFB540 /* Images.xcassets */; };
		C5092FE61A16079C00FFB540 /* LaunchScreen.xib in Resources */ = {isa = PBXBuildFile; fileRef = C5092FE41A16079C00FFB540 /* LaunchScreen.xib */; };
		C5092FF21A16079C00FFB540 /* DocumentPickerTests.m in Sources */ = {isa = PBXBuildFile; fileRef = C5092FF11A16079C00FFB540 /* DocumentPickerTests.m */; };
		C50CD1B01A160E5400509D99 /* DocumentPickerViewController.m in Sources */ = {isa = PBXBuildFile; fileRef = C50CD1AF1A160E5400509D99 /* DocumentPickerViewController.m */; };
		C50CD1B21A160E5400509D99 /* MainInterface.storyboard in Resources */ = {isa = PBXBuildFile; fileRef = C50CD1B11A160E5400509D99 /* MainInterface.storyboard */; };
		C50CD1C41A160E5400509D99 /* DocPicker.appex in Embed App Extensions */ = {isa = PBXBuildFile; fileRef = C50CD1A91A160E5400509D99 /* DocPicker.appex */; settings = {ATTRIBUTES = (RemoveHeadersOnCopy, ); }; };
/* End PBXBuildFile section */

/* Begin PBXContainerItemProxy section */
		C5092FEC1A16079C00FFB540 /* PBXContainerItemProxy */ = {
			isa = PBXContainerItemProxy;
			containerPortal = C5092FCA1A16079C00FFB540 /* Project object */;
			proxyType = 1;
			remoteGlobalIDString = C5092FD11A16079C00FFB540;
			remoteInfo = DocumentPicker;
		};
		C50CD1C21A160E5400509D99 /* PBXContainerItemProxy */ = {
			isa = PBXContainerItemProxy;
			containerPortal = C5092FCA1A16079C00FFB540 /* Project object */;
			proxyType = 1;
			remoteGlobalIDString = C50CD1A81A160E5400509D99;
			remoteInfo = DocPicker;
		};
/* End PBXContainerItemProxy section */

/* Begin PBXCopyFilesBuildPhase section */
		C50CD1CB1A160E5400509D99 /* Embed App Extensions */ = {
			isa = PBXCopyFilesBuildPhase;
			buildActionMask = 2147483647;
			dstPath = "";
			dstSubfolderSpec = 13;
			files = (
				C50CD1C41A160E5400509D99 /* DocPicker.appex in Embed App Extensions */,
			);
			name = "Embed App Extensions";
			runOnlyForDeploymentPostprocessing = 0;
		};
/* End PBXCopyFilesBuildPhase section */

/* Begin PBXFileReference section */
		C5092FD21A16079C00FFB540 /* DocumentPicker.app */ = {isa = PBXFileReference; explicitFileType = wrapper.application; includeInIndex = 0; path = DocumentPicker.app; sourceTree = BUILT_PRODUCTS_DIR; };
		C5092FD61A16079C00FFB540 /* Info.plist */ = {isa = PBXFileReference; lastKnownFileType = text.plist.xml; path = Info.plist; sourceTree = "<group>"; };
		C5092FD71A16079C00FFB540 /* main.m */ = {isa = PBXFileReference; lastKnownFileType = sourcecode.c.objc; path = main.m; sourceTree = "<group>"; };
		C5092FD91A16079C00FFB540 /* AppDelegate.h */ = {isa = PBXFileReference; lastKnownFileType = sourcecode.c.h; path = AppDelegate.h; sourceTree = "<group>"; };
		C5092FDA1A16079C00FFB540 /* AppDelegate.m */ = {isa = PBXFileReference; lastKnownFileType = sourcecode.c.objc; path = AppDelegate.m; sourceTree = "<group>"; };
		C5092FDC1A16079C00FFB540 /* ViewController.h */ = {isa = PBXFileReference; lastKnownFileType = sourcecode.c.h; path = ViewController.h; sourceTree = "<group>"; };
		C5092FDD1A16079C00FFB540 /* ViewController.m */ = {isa = PBXFileReference; lastKnownFileType = sourcecode.c.objc; path = ViewController.m; sourceTree = "<group>"; };
		C5092FE01A16079C00FFB540 /* Base */ = {isa = PBXFileReference; lastKnownFileType = file.storyboard; name = Base; path = Base.lproj/Main.storyboard; sourceTree = "<group>"; };
		C5092FE21A16079C00FFB540 /* Images.xcassets */ = {isa = PBXFileReference; lastKnownFileType = folder.assetcatalog; path = Images.xcassets; sourceTree = "<group>"; };
		C5092FE51A16079C00FFB540 /* Base */ = {isa = PBXFileReference; lastKnownFileType = file.xib; name = Base; path = Base.lproj/LaunchScreen.xib; sourceTree = "<group>"; };
		C5092FEB1A16079C00FFB540 /* DocumentPickerTests.xctest */ = {isa = PBXFileReference; explicitFileType = wrapper.cfbundle; includeInIndex = 0; path = DocumentPickerTests.xctest; sourceTree = BUILT_PRODUCTS_DIR; };
		C5092FF01A16079C00FFB540 /* Info.plist */ = {isa = PBXFileReference; lastKnownFileType = text.plist.xml; path = Info.plist; sourceTree = "<group>"; };
		C5092FF11A16079C00FFB540 /* DocumentPickerTests.m */ = {isa = PBXFileReference; lastKnownFileType = sourcecode.c.objc; path = DocumentPickerTests.m; sourceTree = "<group>"; };
		C50CD1A91A160E5400509D99 /* DocPicker.appex */ = {isa = PBXFileReference; explicitFileType = "wrapper.app-extension"; includeInIndex = 0; path = DocPicker.appex; sourceTree = BUILT_PRODUCTS_DIR; };
		C50CD1AC1A160E5400509D99 /* Info.plist */ = {isa = PBXFileReference; lastKnownFileType = text.plist.xml; path = Info.plist; sourceTree = "<group>"; };
		C50CD1AD1A160E5400509D99 /* DocPicker.entitlements */ = {isa = PBXFileReference; lastKnownFileType = text.xml; path = DocPicker.entitlements; sourceTree = "<group>"; };
		C50CD1AE1A160E5400509D99 /* DocumentPickerViewController.h */ = {isa = PBXFileReference; lastKnownFileType = sourcecode.c.h; path = DocumentPickerViewController.h; sourceTree = "<group>"; };
		C50CD1AF1A160E5400509D99 /* DocumentPickerViewController.m */ = {isa = PBXFileReference; lastKnownFileType = sourcecode.c.objc; path = DocumentPickerViewController.m; sourceTree = "<group>"; };
		C50CD1B11A160E5400509D99 /* MainInterface.storyboard */ = {isa = PBXFileReference; lastKnownFileType = file.storyboard; path = MainInterface.storyboard; sourceTree = "<group>"; };
		C50CD1BA1A160E5400509D99 /* Info.plist */ = {isa = PBXFileReference; lastKnownFileType = text.plist.xml; path = Info.plist; sourceTree = "<group>"; };
		C50CD1BB1A160E5400509D99 /* DocPickerFileProvider.entitlements */ = {isa = PBXFileReference; lastKnownFileType = text.xml; path = DocPickerFileProvider.entitlements; sourceTree = "<group>"; };
		C50CD1BC1A160E5400509D99 /* FileProvider.h */ = {isa = PBXFileReference; lastKnownFileType = sourcecode.c.h; path = FileProvider.h; sourceTree = "<group>"; };
		C50CD1BD1A160E5400509D99 /* FileProvider.m */ = {isa = PBXFileReference; lastKnownFileType = sourcecode.c.objc; path = FileProvider.m; sourceTree = "<group>"; };
		C50CD1CC1A160F6C00509D99 /* DocumentPicker.entitlements */ = {isa = PBXFileReference; lastKnownFileType = text.xml; path = DocumentPicker.entitlements; sourceTree = "<group>"; };
/* End PBXFileReference section */

/* Begin PBXFrameworksBuildPhase section */
		C5092FCF1A16079C00FFB540 /* Frameworks */ = {
			isa = PBXFrameworksBuildPhase;
			buildActionMask = 2147483647;
			files = (
			);
			runOnlyForDeploymentPostprocessing = 0;
		};
		C5092FE81A16079C00FFB540 /* Frameworks */ = {
			isa = PBXFrameworksBuildPhase;
			buildActionMask = 2147483647;
			files = (
			);
			runOnlyForDeploymentPostprocessing = 0;
		};
		C50CD1A61A160E5400509D99 /* Frameworks */ = {
			isa = PBXFrameworksBuildPhase;
			buildActionMask = 2147483647;
			files = (
			);
			runOnlyForDeploymentPostprocessing = 0;
		};
/* End PBXFrameworksBuildPhase section */

/* Begin PBXGroup section */
		C5092FC91A16079C00FFB540 = {
			isa = PBXGroup;
			children = (
				C5092FD41A16079C00FFB540 /* DocumentPicker */,
				C5092FEE1A16079C00FFB540 /* DocumentPickerTests */,
				C50CD1AA1A160E5400509D99 /* DocPicker */,
				C50CD1B81A160E5400509D99 /* DocPickerFileProvider */,
				C5092FD31A16079C00FFB540 /* Products */,
			);
			sourceTree = "<group>";
		};
		C5092FD31A16079C00FFB540 /* Products */ = {
			isa = PBXGroup;
			children = (
				C5092FD21A16079C00FFB540 /* DocumentPicker.app */,
				C5092FEB1A16079C00FFB540 /* DocumentPickerTests.xctest */,
				C50CD1A91A160E5400509D99 /* DocPicker.appex */,
			);
			name = Products;
			sourceTree = "<group>";
		};
		C5092FD41A16079C00FFB540 /* DocumentPicker */ = {
			isa = PBXGroup;
			children = (
				C50CD1CC1A160F6C00509D99 /* DocumentPicker.entitlements */,
				C5092FD91A16079C00FFB540 /* AppDelegate.h */,
				C5092FDA1A16079C00FFB540 /* AppDelegate.m */,
				C5092FDC1A16079C00FFB540 /* ViewController.h */,
				C5092FDD1A16079C00FFB540 /* ViewController.m */,
				C5092FDF1A16079C00FFB540 /* Main.storyboard */,
				C5092FE21A16079C00FFB540 /* Images.xcassets */,
				C5092FE41A16079C00FFB540 /* LaunchScreen.xib */,
				C5092FD51A16079C00FFB540 /* Supporting Files */,
			);
			path = DocumentPicker;
			sourceTree = "<group>";
		};
		C5092FD51A16079C00FFB540 /* Supporting Files */ = {
			isa = PBXGroup;
			children = (
				C5092FD61A16079C00FFB540 /* Info.plist */,
				C5092FD71A16079C00FFB540 /* main.m */,
			);
			name = "Supporting Files";
			sourceTree = "<group>";
		};
		C5092FEE1A16079C00FFB540 /* DocumentPickerTests */ = {
			isa = PBXGroup;
			children = (
				C5092FF11A16079C00FFB540 /* DocumentPickerTests.m */,
				C5092FEF1A16079C00FFB540 /* Supporting Files */,
			);
			path = DocumentPickerTests;
			sourceTree = "<group>";
		};
		C5092FEF1A16079C00FFB540 /* Supporting Files */ = {
			isa = PBXGroup;
			children = (
				C5092FF01A16079C00FFB540 /* Info.plist */,
			);
			name = "Supporting Files";
			sourceTree = "<group>";
		};
		C50CD1AA1A160E5400509D99 /* DocPicker */ = {
			isa = PBXGroup;
			children = (
				C50CD1AE1A160E5400509D99 /* DocumentPickerViewController.h */,
				C50CD1AF1A160E5400509D99 /* DocumentPickerViewController.m */,
				C50CD1B11A160E5400509D99 /* MainInterface.storyboard */,
				C50CD1AB1A160E5400509D99 /* Supporting Files */,
			);
			path = DocPicker;
			sourceTree = "<group>";
		};
		C50CD1AB1A160E5400509D99 /* Supporting Files */ = {
			isa = PBXGroup;
			children = (
				C50CD1AC1A160E5400509D99 /* Info.plist */,
				C50CD1AD1A160E5400509D99 /* DocPicker.entitlements */,
			);
			name = "Supporting Files";
			sourceTree = "<group>";
		};
		C50CD1B81A160E5400509D99 /* DocPickerFileProvider */ = {
			isa = PBXGroup;
			children = (
				C50CD1BC1A160E5400509D99 /* FileProvider.h */,
				C50CD1BD1A160E5400509D99 /* FileProvider.m */,
				C50CD1B91A160E5400509D99 /* Supporting Files */,
			);
			path = DocPickerFileProvider;
			sourceTree = "<group>";
		};
		C50CD1B91A160E5400509D99 /* Supporting Files */ = {
			isa = PBXGroup;
			children = (
				C50CD1BA1A160E5400509D99 /* Info.plist */,
				C50CD1BB1A160E5400509D99 /* DocPickerFileProvider.entitlements */,
			);
			name = "Supporting Files";
			sourceTree = "<group>";
		};
/* End PBXGroup section */

/* Begin PBXNativeTarget section */
		C5092FD11A16079C00FFB540 /* DocumentPicker */ = {
			isa = PBXNativeTarget;
			buildConfigurationList = C5092FF51A16079C00FFB540 /* Build configuration list for PBXNativeTarget "DocumentPicker" */;
			buildPhases = (
				C5092FCE1A16079C00FFB540 /* Sources */,
				C5092FCF1A16079C00FFB540 /* Frameworks */,
				C5092FD01A16079C00FFB540 /* Resources */,
				C50CD1CB1A160E5400509D99 /* Embed App Extensions */,
			);
			buildRules = (
			);
			dependencies = (
				C50CD1C31A160E5400509D99 /* PBXTargetDependency */,
			);
			name = DocumentPicker;
			productName = DocumentPicker;
			productReference = C5092FD21A16079C00FFB540 /* DocumentPicker.app */;
			productType = "com.apple.product-type.application";
		};
		C5092FEA1A16079C00FFB540 /* DocumentPickerTests */ = {
			isa = PBXNativeTarget;
			buildConfigurationList = C5092FF81A16079C00FFB540 /* Build configuration list for PBXNativeTarget "DocumentPickerTests" */;
			buildPhases = (
				C5092FE71A16079C00FFB540 /* Sources */,
				C5092FE81A16079C00FFB540 /* Frameworks */,
				C5092FE91A16079C00FFB540 /* Resources */,
			);
			buildRules = (
			);
			dependencies = (
				C5092FED1A16079C00FFB540 /* PBXTargetDependency */,
			);
			name = DocumentPickerTests;
			productName = DocumentPickerTests;
			productReference = C5092FEB1A16079C00FFB540 /* DocumentPickerTests.xctest */;
			productType = "com.apple.product-type.bundle.unit-test";
		};
		C50CD1A81A160E5400509D99 /* DocPicker */ = {
			isa = PBXNativeTarget;
			buildConfigurationList = C50CD1CA1A160E5400509D99 /* Build configuration list for PBXNativeTarget "DocPicker" */;
			buildPhases = (
				C50CD1A51A160E5400509D99 /* Sources */,
				C50CD1A61A160E5400509D99 /* Frameworks */,
				C50CD1A71A160E5400509D99 /* Resources */,
			);
			buildRules = (
			);
			dependencies = (
			);
			name = DocPicker;
			productName = DocPicker;
			productReference = C50CD1A91A160E5400509D99 /* DocPicker.appex */;
			productType = "com.apple.product-type.app-extension";
		};
/* End PBXNativeTarget section */

/* Begin PBXProject section */
		C5092FCA1A16079C00FFB540 /* Project object */ = {
			isa = PBXProject;
			attributes = {
				LastUpgradeCheck = 0610;
				ORGANIZATIONNAME = "imayaselvan r.";
				TargetAttributes = {
					C5092FD11A16079C00FFB540 = {
						CreatedOnToolsVersion = 6.1;
						DevelopmentTeam = U36B7685GW;
						SystemCapabilities = {
							com.apple.iCloud = {
								enabled = 1;
							};
						};
					};
					C5092FEA1A16079C00FFB540 = {
						CreatedOnToolsVersion = 6.1;
						TestTargetID = C5092FD11A16079C00FFB540;
					};
					C50CD1A81A160E5400509D99 = {
						CreatedOnToolsVersion = 6.1;
						DevelopmentTeam = U36B7685GW;
						SystemCapabilities = {
							com.apple.ApplicationGroups.iOS = {
								enabled = 0;
							};
							com.apple.iCloud = {
								enabled = 1;
							};
						};
					};
				};
			};
			buildConfigurationList = C5092FCD1A16079C00FFB540 /* Build configuration list for PBXProject "DocumentPicker" */;
			compatibilityVersion = "Xcode 3.2";
			developmentRegion = English;
			hasScannedForEncodings = 0;
			knownRegions = (
				en,
				Base,
			);
			mainGroup = C5092FC91A16079C00FFB540;
			productRefGroup = C5092FD31A16079C00FFB540 /* Products */;
			projectDirPath = "";
			projectRoot = "";
			targets = (
				C5092FD11A16079C00FFB540 /* DocumentPicker */,
				C5092FEA1A16079C00FFB540 /* DocumentPickerTests */,
				C50CD1A81A160E5400509D99 /* DocPicker */,
			);
		};
/* End PBXProject section */

/* Begin PBXResourcesBuildPhase section */
		C5092FD01A16079C00FFB540 /* Resources */ = {
			isa = PBXResourcesBuildPhase;
			buildActionMask = 2147483647;
			files = (
				C5092FE11A16079C00FFB540 /* Main.storyboard in Resources */,
				C5092FE61A16079C00FFB540 /* LaunchScreen.xib in Resources */,
				C5092FE31A16079C00FFB540 /* Images.xcassets in Resources */,
			);
			runOnlyForDeploymentPostprocessing = 0;
		};
		C5092FE91A16079C00FFB540 /* Resources */ = {
			isa = PBXResourcesBuildPhase;
			buildActionMask = 2147483647;
			files = (
			);
			runOnlyForDeploymentPostprocessing = 0;
		};
		C50CD1A71A160E5400509D99 /* Resources */ = {
			isa = PBXResourcesBuildPhase;
			buildActionMask = 2147483647;
			files = (
				C50CD1B21A160E5400509D99 /* MainInterface.storyboard in Resources */,
			);
			runOnlyForDeploymentPostprocessing = 0;
		};
/* End PBXResourcesBuildPhase section */

/* Begin PBXSourcesBuildPhase section */
		C5092FCE1A16079C00FFB540 /* Sources */ = {
			isa = PBXSourcesBuildPhase;
			buildActionMask = 2147483647;
			files = (
				C5092FDE1A16079C00FFB540 /* ViewController.m in Sources */,
				C5092FDB1A16079C00FFB540 /* AppDelegate.m in Sources */,
				C5092FD81A16079C00FFB540 /* main.m in Sources */,
			);
			runOnlyForDeploymentPostprocessing = 0;
		};
		C5092FE71A16079C00FFB540 /* Sources */ = {
			isa = PBXSourcesBuildPhase;
			buildActionMask = 2147483647;
			files = (
				C5092FF21A16079C00FFB540 /* DocumentPickerTests.m in Sources */,
			);
			runOnlyForDeploymentPostprocessing = 0;
		};
		C50CD1A51A160E5400509D99 /* Sources */ = {
			isa = PBXSourcesBuildPhase;
			buildActionMask = 2147483647;
			files = (
				C50CD1B01A160E5400509D99 /* DocumentPickerViewController.m in Sources */,
			);
			runOnlyForDeploymentPostprocessing = 0;
		};
/* End PBXSourcesBuildPhase section */

/* Begin PBXTargetDependency section */
		C5092FED1A16079C00FFB540 /* PBXTargetDependency */ = {
			isa = PBXTargetDependency;
			target = C5092FD11A16079C00FFB540 /* DocumentPicker */;
			targetProxy = C5092FEC1A16079C00FFB540 /* PBXContainerItemProxy */;
		};
		C50CD1C31A160E5400509D99 /* PBXTargetDependency */ = {
			isa = PBXTargetDependency;
			target = C50CD1A81A160E5400509D99 /* DocPicker */;
			targetProxy = C50CD1C21A160E5400509D99 /* PBXContainerItemProxy */;
		};
/* End PBXTargetDependency section */

/* Begin PBXVariantGroup section */
		C5092FDF1A16079C00FFB540 /* Main.storyboard */ = {
			isa = PBXVariantGroup;
			children = (
				C5092FE01A16079C00FFB540 /* Base */,
			);
			name = Main.storyboard;
			sourceTree = "<group>";
		};
		C5092FE41A16079C00FFB540 /* LaunchScreen.xib */ = {
			isa = PBXVariantGroup;
			children = (
				C5092FE51A16079C00FFB540 /* Base */,
			);
			name = LaunchScreen.xib;
			sourceTree = "<group>";
		};
/* End PBXVariantGroup section */

/* Begin XCBuildConfiguration section */
		C5092FF31A16079C00FFB540 /* Debug */ = {
			isa = XCBuildConfiguration;
			buildSettings = {
				ALWAYS_SEARCH_USER_PATHS = NO;
				CLANG_CXX_LANGUAGE_STANDARD = "gnu++0x";
				CLANG_CXX_LIBRARY = "libc++";
				CLANG_ENABLE_MODULES = YES;
				CLANG_ENABLE_OBJC_ARC = YES;
				CLANG_WARN_BOOL_CONVERSION = YES;
				CLANG_WARN_CONSTANT_CONVERSION = YES;
				CLANG_WARN_DIRECT_OBJC_ISA_USAGE = YES_ERROR;
				CLANG_WARN_EMPTY_BODY = YES;
				CLANG_WARN_ENUM_CONVERSION = YES;
				CLANG_WARN_INT_CONVERSION = YES;
				CLANG_WARN_OBJC_ROOT_CLASS = YES_ERROR;
				CLANG_WARN_UNREACHABLE_CODE = YES;
				CLANG_WARN__DUPLICATE_METHOD_MATCH = YES;
				"CODE_SIGN_IDENTITY[sdk=iphoneos*]" = "iPhone Developer";
				COPY_PHASE_STRIP = NO;
				ENABLE_STRICT_OBJC_MSGSEND = YES;
				GCC_C_LANGUAGE_STANDARD = gnu99;
				GCC_DYNAMIC_NO_PIC = NO;
				GCC_OPTIMIZATION_LEVEL = 0;
				GCC_PREPROCESSOR_DEFINITIONS = (
					"DEBUG=1",
					"$(inherited)",
				);
				GCC_SYMBOLS_PRIVATE_EXTERN = NO;
				GCC_WARN_64_TO_32_BIT_CONVERSION = YES;
				GCC_WARN_ABOUT_RETURN_TYPE = YES_ERROR;
				GCC_WARN_UNDECLARED_SELECTOR = YES;
				GCC_WARN_UNINITIALIZED_AUTOS = YES_AGGRESSIVE;
				GCC_WARN_UNUSED_FUNCTION = YES;
				GCC_WARN_UNUSED_VARIABLE = YES;
				IPHONEOS_DEPLOYMENT_TARGET = 8.1;
				MTL_ENABLE_DEBUG_INFO = YES;
				ONLY_ACTIVE_ARCH = YES;
				SDKROOT = iphoneos;
			};
			name = Debug;
		};
		C5092FF41A16079C00FFB540 /* Release */ = {
			isa = XCBuildConfiguration;
			buildSettings = {
				ALWAYS_SEARCH_USER_PATHS = NO;
				CLANG_CXX_LANGUAGE_STANDARD = "gnu++0x";
				CLANG_CXX_LIBRARY = "libc++";
				CLANG_ENABLE_MODULES = YES;
				CLANG_ENABLE_OBJC_ARC = YES;
				CLANG_WARN_BOOL_CONVERSION = YES;
				CLANG_WARN_CONSTANT_CONVERSION = YES;
				CLANG_WARN_DIRECT_OBJC_ISA_USAGE = YES_ERROR;
				CLANG_WARN_EMPTY_BODY = YES;
				CLANG_WARN_ENUM_CONVERSION = YES;
				CLANG_WARN_INT_CONVERSION = YES;
				CLANG_WARN_OBJC_ROOT_CLASS = YES_ERROR;
				CLANG_WARN_UNREACHABLE_CODE = YES;
				CLANG_WARN__DUPLICATE_METHOD_MATCH = YES;
				"CODE_SIGN_IDENTITY[sdk=iphoneos*]" = "iPhone Developer";
				COPY_PHASE_STRIP = YES;
				ENABLE_NS_ASSERTIONS = NO;
				ENABLE_STRICT_OBJC_MSGSEND = YES;
				GCC_C_LANGUAGE_STANDARD = gnu99;
				GCC_WARN_64_TO_32_BIT_CONVERSION = YES;
				GCC_WARN_ABOUT_RETURN_TYPE = YES_ERROR;
				GCC_WARN_UNDECLARED_SELECTOR = YES;
				GCC_WARN_UNINITIALIZED_AUTOS = YES_AGGRESSIVE;
				GCC_WARN_UNUSED_FUNCTION = YES;
				GCC_WARN_UNUSED_VARIABLE = YES;
				IPHONEOS_DEPLOYMENT_TARGET = 8.1;
				MTL_ENABLE_DEBUG_INFO = NO;
				SDKROOT = iphoneos;
				VALIDATE_PRODUCT = YES;
			};
			name = Release;
		};
		C5092FF61A16079C00FFB540 /* Debug */ = {
			isa = XCBuildConfiguration;
			buildSettings = {
				ASSETCATALOG_COMPILER_APPICON_NAME = AppIcon;
				CODE_SIGN_ENTITLEMENTS = DocumentPicker/DocumentPicker.entitlements;
				CODE_SIGN_IDENTITY = "iPhone Developer";
				"CODE_SIGN_IDENTITY[sdk=iphoneos*]" = "iPhone Developer";
				INFOPLIST_FILE = DocumentPicker/Info.plist;
				LD_RUNPATH_SEARCH_PATHS = "$(inherited) @executable_path/Frameworks";
				PRODUCT_NAME = "$(TARGET_NAME)";
				PROVISIONING_PROFILE = "";
			};
			name = Debug;
		};
		C5092FF71A16079C00FFB540 /* Release */ = {
			isa = XCBuildConfiguration;
			buildSettings = {
				ASSETCATALOG_COMPILER_APPICON_NAME = AppIcon;
				CODE_SIGN_ENTITLEMENTS = DocumentPicker/DocumentPicker.entitlements;
				CODE_SIGN_IDENTITY = "iPhone Developer";
				"CODE_SIGN_IDENTITY[sdk=iphoneos*]" = "iPhone Developer";
				INFOPLIST_FILE = DocumentPicker/Info.plist;
				LD_RUNPATH_SEARCH_PATHS = "$(inherited) @executable_path/Frameworks";
				PRODUCT_NAME = "$(TARGET_NAME)";
				PROVISIONING_PROFILE = "";
			};
			name = Release;
		};
		C5092FF91A16079C00FFB540 /* Debug */ = {
			isa = XCBuildConfiguration;
			buildSettings = {
				BUNDLE_LOADER = "$(TEST_HOST)";
				FRAMEWORK_SEARCH_PATHS = (
					"$(SDKROOT)/Developer/Library/Frameworks",
					"$(inherited)",
				);
				GCC_PREPROCESSOR_DEFINITIONS = (
					"DEBUG=1",
					"$(inherited)",
				);
				INFOPLIST_FILE = DocumentPickerTests/Info.plist;
				LD_RUNPATH_SEARCH_PATHS = "$(inherited) @executable_path/Frameworks @loader_path/Frameworks";
				PRODUCT_NAME = "$(TARGET_NAME)";
				TEST_HOST = "$(BUILT_PRODUCTS_DIR)/DocumentPicker.app/DocumentPicker";
			};
			name = Debug;
		};
		C5092FFA1A16079C00FFB540 /* Release */ = {
			isa = XCBuildConfiguration;
			buildSettings = {
				BUNDLE_LOADER = "$(TEST_HOST)";
				FRAMEWORK_SEARCH_PATHS = (
					"$(SDKROOT)/Developer/Library/Frameworks",
					"$(inherited)",
				);
				INFOPLIST_FILE = DocumentPickerTests/Info.plist;
				LD_RUNPATH_SEARCH_PATHS = "$(inherited) @executable_path/Frameworks @loader_path/Frameworks";
				PRODUCT_NAME = "$(TARGET_NAME)";
				TEST_HOST = "$(BUILT_PRODUCTS_DIR)/DocumentPicker.app/DocumentPicker";
			};
			name = Release;
		};
		C50CD1C51A160E5400509D99 /* Debug */ = {
			isa = XCBuildConfiguration;
			buildSettings = {
				CODE_SIGN_ENTITLEMENTS = DocPicker/DocPicker.entitlements;
				CODE_SIGN_IDENTITY = "iPhone Developer";
				"CODE_SIGN_IDENTITY[sdk=iphoneos*]" = "iPhone Developer";
				GCC_PREPROCESSOR_DEFINITIONS = (
					"DEBUG=1",
					"$(inherited)",
				);
				INFOPLIST_FILE = DocPicker/Info.plist;
				LD_RUNPATH_SEARCH_PATHS = "$(inherited) @executable_path/Frameworks @executable_path/../../Frameworks";
				PRODUCT_NAME = "$(TARGET_NAME)";
				PROVISIONING_PROFILE = "";
				SKIP_INSTALL = YES;
			};
			name = Debug;
		};
		C50CD1C61A160E5400509D99 /* Release */ = {
			isa = XCBuildConfiguration;
			buildSettings = {
				CODE_SIGN_ENTITLEMENTS = DocPicker/DocPicker.entitlements;
				CODE_SIGN_IDENTITY = "iPhone Developer";
				"CODE_SIGN_IDENTITY[sdk=iphoneos*]" = "iPhone Developer";
				INFOPLIST_FILE = DocPicker/Info.plist;
				LD_RUNPATH_SEARCH_PATHS = "$(inherited) @executable_path/Frameworks @executable_path/../../Frameworks";
				PRODUCT_NAME = "$(TARGET_NAME)";
				PROVISIONING_PROFILE = "";
				SKIP_INSTALL = YES;
			};
			name = Release;
		};
/* End XCBuildConfiguration section */

/* Begin XCConfigurationList section */
		C5092FCD1A16079C00FFB540 /* Build configuration list for PBXProject "DocumentPicker" */ = {
			isa = XCConfigurationList;
			buildConfigurations = (
				C5092FF31A16079C00FFB540 /* Debug */,
				C5092FF41A16079C00FFB540 /* Release */,
			);
			defaultConfigurationIsVisible = 0;
			defaultConfigurationName = Release;
		};
		C5092FF51A16079C00FFB540 /* Build configuration list for PBXNativeTarget "DocumentPicker" */ = {
			isa = XCConfigurationList;
			buildConfigurations = (
				C5092FF61A16079C00FFB540 /* Debug */,
				C5092FF71A16079C00FFB540 /* Release */,
			);
			defaultConfigurationIsVisible = 0;
			defaultConfigurationName = Release;
		};
		C5092FF81A16079C00FFB540 /* Build configuration list for PBXNativeTarget "DocumentPickerTests" */ = {
			isa = XCConfigurationList;
			buildConfigurations = (
				C5092FF91A16079C00FFB540 /* Debug */,
				C5092FFA1A16079C00FFB540 /* Release */,
			);
			defaultConfigurationIsVisible = 0;
			defaultConfigurationName = Release;
		};
		C50CD1CA1A160E5400509D99 /* Build configuration list for PBXNativeTarget "DocPicker" */ = {
			isa = XCConfigurationList;
			buildConfigurations = (
				C50CD1C51A160E5400509D99 /* Debug */,
				C50CD1C61A160E5400509D99 /* Release */,
			);
			defaultConfigurationIsVisible = 0;
		};
/* End XCConfigurationList section */
	};
	rootObject = C5092FCA1A16079C00FFB540 /* Project object */;
}
